
Microsoft Visual Studio Solution File, Format Version 10.00
# Visual Studio 2008
Project("{8BC9CEB8-8B4A-11D0-8D11-00A0C91BC942}") = "openaz", "openaz.vcproj", "{66852301-7F2B-4706-A1EA-ADB81B9C417E}"
	ProjectSection(ProjectDependencies) = postProject
		{5C2939FB-975D-4EB1-8916-A87068DA01E4} = {5C2939FB-975D-4EB1-8916-A87068DA01E4}
	EndProjectSection
EndProject
Project("{8BC9CEB8-8B4A-11D0-8D11-00A0C91BC942}") = "service", "service\service.vcproj", "{5C2939FB-975D-4EB1-8916-A87068DA01E4}"
EndProject
Project("{8BC9CEB8-8B4A-11D0-8D11-00A0C91BC942}") = "OpenAzTester", "OpenAzTester\OpenAzTester.vcproj", "{A69CC1CF-5FBA-43AF-8276-0EEB9131FB0B}"
	ProjectSection(ProjectDependencies) = postProject
		{66852301-7F2B-4706-A1EA-ADB81B9C417E} = {66852301-7F2B-4706-A1EA-ADB81B9C417E}
		{5C2939FB-975D-4EB1-8916-A87068DA01E4} = {5C2939FB-975D-4EB1-8916-A87068DA01E4}
	EndProjectSection
EndProject
Project("{8BC9CEB8-8B4A-11D0-8D11-00A0C91BC942}") = "OpenAzClib", "DLLTester\OpenAzSampleLibrary\ExampleCLibrary.vcproj", "{E0C4DADE-D337-42A7-911A-8C29787C017D}"
EndProject
Project("{2150E333-8FDC-42A3-9474-1A3956D46DE8}") = "Example C++ Lib Implementation", "Example C++ Lib Implementation", "{80D4ACFA-2664-4707-83EA-F90EE497B5CE}"
EndProject
Project("{8BC9CEB8-8B4A-11D0-8D11-00A0C91BC942}") = "COpenAzClibExecutable", "DLLTester\OpenAzSampleExecutable\ExampleCExecutable.vcproj", "{A8665161-F578-4FAE-BCFE-85D346544199}"
	ProjectSection(ProjectDependencies) = postProject
		{E0C4DADE-D337-42A7-911A-8C29787C017D} = {E0C4DADE-D337-42A7-911A-8C29787C017D}
	EndProjectSection
EndProject
Global
	GlobalSection(SolutionConfigurationPlatforms) = preSolution
		Debug|Win32 = Debug|Win32
		Release|Win32 = Release|Win32
	EndGlobalSection
	GlobalSection(ProjectConfigurationPlatforms) = postSolution
		{66852301-7F2B-4706-A1EA-ADB81B9C417E}.Debug|Win32.ActiveCfg = Debug|Win32
		{66852301-7F2B-4706-A1EA-ADB81B9C417E}.Debug|Win32.Build.0 = Debug|Win32
		{66852301-7F2B-4706-A1EA-ADB81B9C417E}.Release|Win32.ActiveCfg = Release|Win32
		{66852301-7F2B-4706-A1EA-ADB81B9C417E}.Release|Win32.Build.0 = Release|Win32
		{5C2939FB-975D-4EB1-8916-A87068DA01E4}.Debug|Win32.ActiveCfg = Debug|Win32
		{5C2939FB-975D-4EB1-8916-A87068DA01E4}.Debug|Win32.Build.0 = Debug|Win32
		{5C2939FB-975D-4EB1-8916-A87068DA01E4}.Release|Win32.ActiveCfg = Release|Win32
		{5C2939FB-975D-4EB1-8916-A87068DA01E4}.Release|Win32.Build.0 = Release|Win32
		{A69CC1CF-5FBA-43AF-8276-0EEB9131FB0B}.Debug|Win32.ActiveCfg = Debug|Win32
		{A69CC1CF-5FBA-43AF-8276-0EEB9131FB0B}.Debug|Win32.Build.0 = Debug|Win32
		{A69CC1CF-5FBA-43AF-8276-0EEB9131FB0B}.Release|Win32.ActiveCfg = Release|Win32
		{A69CC1CF-5FBA-43AF-8276-0EEB9131FB0B}.Release|Win32.Build.0 = Release|Win32
		{E0C4DADE-D337-42A7-911A-8C29787C017D}.Debug|Win32.ActiveCfg = Debug|Win32
		{E0C4DADE-D337-42A7-911A-8C29787C017D}.Debug|Win32.Build.0 = Debug|Win32
		{E0C4DADE-D337-42A7-911A-8C29787C017D}.Release|Win32.ActiveCfg = Release|Win32
		{E0C4DADE-D337-42A7-911A-8C29787C017D}.Release|Win32.Build.0 = Release|Win32
		{A8665161-F578-4FAE-BCFE-85D346544199}.Debug|Win32.ActiveCfg = Debug|Win32
		{A8665161-F578-4FAE-BCFE-85D346544199}.Debug|Win32.Build.0 = Debug|Win32
		{A8665161-F578-4FAE-BCFE-85D346544199}.Release|Win32.ActiveCfg = Release|Win32
		{A8665161-F578-4FAE-BCFE-85D346544199}.Release|Win32.Build.0 = Release|Win32
	EndGlobalSection
	GlobalSection(SolutionProperties) = preSolution
		HideSolutionNode = FALSE
	EndGlobalSection
	GlobalSection(NestedProjects) = preSolution
		{E0C4DADE-D337-42A7-911A-8C29787C017D} = {80D4ACFA-2664-4707-83EA-F90EE497B5CE}
		{A8665161-F578-4FAE-BCFE-85D346544199} = {80D4ACFA-2664-4707-83EA-F90EE497B5CE}
	EndGlobalSection
EndGlobal
